dependencies:
  espressif/qrcode:
    component_hash: 3b493771bc5d6ad30cbf87c25bf784aada8a08c941504355b55d6b75518ed7bc
    source:
      service_url: https://api.components.espressif.com/
      type: service
    version: 0.1.0~2
manifest_hash: 1e69fb3f161fe256506eb23802a261ede3a5b4ece96b71d455b3eeaffbf63604
target: esp32
version: 1.0.0
